
Microsoft Visual Studio Solution File, Format Version 12.00
# Visual Studio Version 17
VisualStudioVersion = 17.6.33723.286
MinimumVisualStudioVersion = 10.0.40219.1
Project("{FAE04EC0-301F-11D3-BF4B-00C04F79EFBC}") = "TARge22Cars", "TARge22Cars.csproj", "{F8B38709-5D6F-4818-ADDC-82B862627362}"
EndProject
Project("{FAE04EC0-301F-11D3-BF4B-00C04F79EFBC}") = "TARge22Cars.Data", "..\TARge22Cars.Data\TARge22Cars.Data.csproj", "{D6D091A6-9AF1-458D-B40B-BFAA60487FB6}"
EndProject
Project("{FAE04EC0-301F-11D3-BF4B-00C04F79EFBC}") = "TARge22Cars.Core", "..\TARge22Cars.Core\TARge22Cars.Core.csproj", "{E8F8902C-B93A-4FF8-8895-98F329DFEA9F}"
EndProject
Project("{FAE04EC0-301F-11D3-BF4B-00C04F79EFBC}") = "TARge22Cars.ApplicationServices", "..\TARge22Cars.ApplicationServices\TARge22Cars.ApplicationServices.csproj", "{967D589F-2A53-4AFD-94F0-8343E33FD645}"
EndProject
Project("{FAE04EC0-301F-11D3-BF4B-00C04F79EFBC}") = "TARge22Cars.Tests", "..\TARge22Cars.Tests\TARge22Cars.Tests.csproj", "{CF7017CE-9734-43AC-A2A3-011FC9D830A6}"
EndProject
Global
	GlobalSection(SolutionConfigurationPlatforms) = preSolution
		Debug|Any CPU = Debug|Any CPU
		Release|Any CPU = Release|Any CPU
	EndGlobalSection
	GlobalSection(ProjectConfigurationPlatforms) = postSolution
		{F8B38709-5D6F-4818-ADDC-82B862627362}.Debug|Any CPU.ActiveCfg = Debug|Any CPU
		{F8B38709-5D6F-4818-ADDC-82B862627362}.Debug|Any CPU.Build.0 = Debug|Any CPU
		{F8B38709-5D6F-4818-ADDC-82B862627362}.Release|Any CPU.ActiveCfg = Release|Any CPU
		{F8B38709-5D6F-4818-ADDC-82B862627362}.Release|Any CPU.Build.0 = Release|Any CPU
		{D6D091A6-9AF1-458D-B40B-BFAA60487FB6}.Debug|Any CPU.ActiveCfg = Debug|Any CPU
		{D6D091A6-9AF1-458D-B40B-BFAA60487FB6}.Debug|Any CPU.Build.0 = Debug|Any CPU
		{D6D091A6-9AF1-458D-B40B-BFAA60487FB6}.Release|Any CPU.ActiveCfg = Release|Any CPU
		{D6D091A6-9AF1-458D-B40B-BFAA60487FB6}.Release|Any CPU.Build.0 = Release|Any CPU
		{E8F8902C-B93A-4FF8-8895-98F329DFEA9F}.Debug|Any CPU.ActiveCfg = Debug|Any CPU
		{E8F8902C-B93A-4FF8-8895-98F329DFEA9F}.Debug|Any CPU.Build.0 = Debug|Any CPU
		{E8F8902C-B93A-4FF8-8895-98F329DFEA9F}.Release|Any CPU.ActiveCfg = Release|Any CPU
		{E8F8902C-B93A-4FF8-8895-98F329DFEA9F}.Release|Any CPU.Build.0 = Release|Any CPU
		{967D589F-2A53-4AFD-94F0-8343E33FD645}.Debug|Any CPU.ActiveCfg = Debug|Any CPU
		{967D589F-2A53-4AFD-94F0-8343E33FD645}.Debug|Any CPU.Build.0 = Debug|Any CPU
		{967D589F-2A53-4AFD-94F0-8343E33FD645}.Release|Any CPU.ActiveCfg = Release|Any CPU
		{967D589F-2A53-4AFD-94F0-8343E33FD645}.Release|Any CPU.Build.0 = Release|Any CPU
		{CF7017CE-9734-43AC-A2A3-011FC9D830A6}.Debug|Any CPU.ActiveCfg = Debug|Any CPU
		{CF7017CE-9734-43AC-A2A3-011FC9D830A6}.Debug|Any CPU.Build.0 = Debug|Any CPU
		{CF7017CE-9734-43AC-A2A3-011FC9D830A6}.Release|Any CPU.ActiveCfg = Release|Any CPU
		{CF7017CE-9734-43AC-A2A3-011FC9D830A6}.Release|Any CPU.Build.0 = Release|Any CPU
	EndGlobalSection
	GlobalSection(SolutionProperties) = preSolution
		HideSolutionNode = FALSE
	EndGlobalSection
	GlobalSection(ExtensibilityGlobals) = postSolution
		SolutionGuid = {2CE6BBF2-B359-43F5-B2BE-933856985EB6}
	EndGlobalSection
EndGlobal
